{
  "name": "basic-runner",
  "version": "0.0.1",
  "lockfileVersion": 2,
  "requires": true,
  "packages": {
    "": {
      "name": "basic-runner",
      "version": "0.0.1",
      "license": "MIT",
      "dependencies": {
        "basic": "github:lolotrgeek/Basic",
        "basic-log": "github:lolotrgeek/basic-log",
        "basic-store": "github:lolotrgeek/basic-store",
        "ifttt-message": "github:lolotrgeek/ifttt-message"
      }
    },
    "node_modules/basic": {
      "version": "1.2.0",
      "resolved": "git+ssh://git@github.com/lolotrgeek/Basic.git#cc9389d6132d2c9fee4d537be32bbb937a2c0c34",
      "license": "ISC",
      "dependencies": {
        "zyre.js": "^1.3.0"
      }
    },
    "node_modules/basic-log": {
      "version": "0.0.1",
      "resolved": "git+ssh://git@github.com/lolotrgeek/basic-log.git#77a67c1cbc1fca284b1fc07958c6903036fd6823",
      "license": "MIT",
      "dependencies": {
        "basic": "github:lolotrgeek/Basic#basic",
        "basic-store": "github:lolotrgeek/basic-store"
      }
    },
    "node_modules/basic-store": {
      "version": "0.0.1",
      "resolved": "git+ssh://git@github.com/lolotrgeek/basic-store.git#848b9cb1e8216cf37e6a7ef5a6da8b9a1d45f904",
      "license": "MIT",
      "dependencies": {
        "keyv": "^4.5.0",
        "keyv-file": "^0.2.0"
      }
    },
    "node_modules/debug": {
      "version": "4.3.4",
      "resolved": "https://registry.npmjs.org/debug/-/debug-4.3.4.tgz",
      "integrity": "sha512-PRWFHuSU3eDtQJPvnNY7Jcket1j0t5OuOsFzPPzsekD52Zl8qUfFIPEiswXqIvHWGVHOgX+7G/vCNNhehwxfkQ==",
      "dependencies": {
        "ms": "2.1.2"
      },
      "engines": {
        "node": ">=6.0"
      },
      "peerDependenciesMeta": {
        "supports-color": {
          "optional": true
        }
      }
    },
    "node_modules/fs-extra": {
      "version": "4.0.3",
      "resolved": "https://registry.npmjs.org/fs-extra/-/fs-extra-4.0.3.tgz",
      "integrity": "sha512-q6rbdDd1o2mAnQreO7YADIxf/Whx4AHBiRf6d+/cVT8h44ss+lHgxf1FemcqDnQt9X3ct4McHr+JMGlYSsK7Cg==",
      "dependencies": {
        "graceful-fs": "^4.1.2",
        "jsonfile": "^4.0.0",
        "universalify": "^0.1.0"
      }
    },
    "node_modules/graceful-fs": {
      "version": "4.2.10",
      "resolved": "https://registry.npmjs.org/graceful-fs/-/graceful-fs-4.2.10.tgz",
      "integrity": "sha512-9ByhssR2fPVsNZj478qUUbKfmL0+t5BDVyjShtyZZLiK7ZDAArFFfopyOTj0M05wE2tJPisA4iTnnXl2YoPvOA=="
    },
    "node_modules/ifttt-message": {
      "version": "0.0.1",
      "resolved": "git+ssh://git@github.com/lolotrgeek/ifttt-message.git#bb5e6e6264f39140d03bbc2ff69fc88e073dc349",
      "license": "MIT"
    },
    "node_modules/json-buffer": {
      "version": "3.0.1",
      "resolved": "https://registry.npmjs.org/json-buffer/-/json-buffer-3.0.1.tgz",
      "integrity": "sha512-4bV5BfR2mqfQTJm+V5tPPdf+ZpuhiIvTuAB5g8kcrXOZpTT/QwwVRWBywX1ozr6lEuPdbHxwaJlm9G6mI2sfSQ=="
    },
    "node_modules/jsonfile": {
      "version": "4.0.0",
      "resolved": "https://registry.npmjs.org/jsonfile/-/jsonfile-4.0.0.tgz",
      "integrity": "sha512-m6F1R3z8jjlf2imQHS2Qez5sjKWQzbuuhuJ/FKYFRZvPE3PuHcSMVZzfsLhGVOkfd20obL5SWEBew5ShlquNxg==",
      "optionalDependencies": {
        "graceful-fs": "^4.1.6"
      }
    },
    "node_modules/keyv": {
      "version": "4.5.0",
      "resolved": "https://registry.npmjs.org/keyv/-/keyv-4.5.0.tgz",
      "integrity": "sha512-2YvuMsA+jnFGtBareKqgANOEKe1mk3HKiXu2fRmAfyxG0MJAywNhi5ttWA3PMjl4NmpyjZNbFifR2vNjW1znfA==",
      "dependencies": {
        "json-buffer": "3.0.1"
      }
    },
    "node_modules/keyv-file": {
      "version": "0.2.0",
      "resolved": "https://registry.npmjs.org/keyv-file/-/keyv-file-0.2.0.tgz",
      "integrity": "sha512-zUQ11eZRmilEUpV1gJSj8mBAHjyXpleQo1iCS0khb+GFRhiPfwavWgn4eDUKNlOyMZzmExnISl8HE1hNbim0gw==",
      "dependencies": {
        "debug": "^4.1.1",
        "fs-extra": "^4.0.1",
        "tslib": "^1.9.3"
      }
    },
    "node_modules/ms": {
      "version": "2.1.2",
      "resolved": "https://registry.npmjs.org/ms/-/ms-2.1.2.tgz",
      "integrity": "sha512-sGkPx+VjMtmA6MX27oA4FBFELFCZZ4S4XqeGOXCv68tT+jb3vk/RyaKWP0PTKyWtmLSM0b+adUTEvbs1PEaH2w=="
    },
    "node_modules/nan": {
      "version": "2.14.2",
      "resolved": "https://registry.npmjs.org/nan/-/nan-2.14.2.tgz",
      "integrity": "sha512-M2ufzIiINKCuDfBSAUr1vWQ+vuVcA9kqx8JJUsbQi6yf1uGRyb7HfpdfUr5qLXf3B/t8dPvcjhKMmlfnP47EzQ=="
    },
    "node_modules/node-gyp-build": {
      "version": "4.5.0",
      "resolved": "https://registry.npmjs.org/node-gyp-build/-/node-gyp-build-4.5.0.tgz",
      "integrity": "sha512-2iGbaQBV+ITgCz76ZEjmhUKAKVf7xfY1sRl4UiKQspfZMH2h06SyhNsnSVy50cwkFQDGLyif6m/6uFXHkOZ6rg==",
      "bin": {
        "node-gyp-build": "bin.js",
        "node-gyp-build-optional": "optional.js",
        "node-gyp-build-test": "build-test.js"
      }
    },
    "node_modules/tslib": {
      "version": "1.14.1",
      "resolved": "https://registry.npmjs.org/tslib/-/tslib-1.14.1.tgz",
      "integrity": "sha512-Xni35NKzjgMrwevysHTCArtLDpPvye8zV/0E4EyYn43P7/7qvQwPh9BGkHewbMulVntbigmcT7rdX3BNo9wRJg=="
    },
    "node_modules/universalify": {
      "version": "0.1.2",
      "resolved": "https://registry.npmjs.org/universalify/-/universalify-0.1.2.tgz",
      "integrity": "sha512-rBJeI5CXAlmy1pV+617WB9J63U6XcazHHF2f2dbJix4XzpUF0RS3Zbj0FGIOCAva5P/d/GBOYaACQ1w+0azUkg==",
      "engines": {
        "node": ">= 4.0.0"
      }
    },
    "node_modules/uuid": {
      "version": "8.3.2",
      "resolved": "https://registry.npmjs.org/uuid/-/uuid-8.3.2.tgz",
      "integrity": "sha512-+NYs2QeMWy+GWFOEm9xnn6HCDp0l7QBD7ml8zLUmJ+93Q5NF0NocErnwkTkXVFNiX3/fpC6afS8Dhb/gz7R7eg==",
      "bin": {
        "uuid": "dist/bin/uuid"
      }
    },
    "node_modules/zeromq": {
      "version": "5.2.8",
      "resolved": "https://registry.npmjs.org/zeromq/-/zeromq-5.2.8.tgz",
      "integrity": "sha512-bXzsk7KOmgLSv1tC0Ms1VXBy90+Rz27ZYf27cLuldRYbpqYpuWJfxxHFhO710t22zgWBnmdUP0m3SKFpLI0u5g==",
      "hasInstallScript": true,
      "dependencies": {
        "nan": "2.14.2",
        "node-gyp-build": "^4.2.3"
      },
      "engines": {
        "node": ">=6.0"
      }
    },
    "node_modules/zyre.js": {
      "version": "1.3.0",
      "resolved": "https://registry.npmjs.org/zyre.js/-/zyre.js-1.3.0.tgz",
      "integrity": "sha512-ehwttS9hxpcvBXkBDCoa2VRrSi+xN0yKYfRU556f8l5oReW7rjVn2YEhlxaikQjdXWxNypMFpSmg203c4JL0yw==",
      "dependencies": {
        "debug": "^4.3.4",
        "uuid": "^8.0.0",
        "zeromq": "^5.2.0"
      },
      "engines": {
        "node": ">=8.9.0"
      }
    }
  },
  "dependencies": {
    "basic": {
      "version": "git+ssh://git@github.com/lolotrgeek/Basic.git#cc9389d6132d2c9fee4d537be32bbb937a2c0c34",
      "from": "basic@github:lolotrgeek/Basic",
      "requires": {
        "zyre.js": "^1.3.0"
      }
    },
    "basic-log": {
      "version": "git+ssh://git@github.com/lolotrgeek/basic-log.git#77a67c1cbc1fca284b1fc07958c6903036fd6823",
      "from": "basic-log@github:lolotrgeek/basic-log",
      "requires": {
        "basic": "github:lolotrgeek/Basic#basic",
        "basic-store": "github:lolotrgeek/basic-store"
      }
    },
    "basic-store": {
      "version": "git+ssh://git@github.com/lolotrgeek/basic-store.git#848b9cb1e8216cf37e6a7ef5a6da8b9a1d45f904",
      "from": "basic-store@github:lolotrgeek/basic-store",
      "requires": {
        "keyv": "^4.5.0",
        "keyv-file": "^0.2.0"
      }
    },
    "debug": {
      "version": "4.3.4",
      "resolved": "https://registry.npmjs.org/debug/-/debug-4.3.4.tgz",
      "integrity": "sha512-PRWFHuSU3eDtQJPvnNY7Jcket1j0t5OuOsFzPPzsekD52Zl8qUfFIPEiswXqIvHWGVHOgX+7G/vCNNhehwxfkQ==",
      "requires": {
        "ms": "2.1.2"
      }
    },
    "fs-extra": {
      "version": "4.0.3",
      "resolved": "https://registry.npmjs.org/fs-extra/-/fs-extra-4.0.3.tgz",
      "integrity": "sha512-q6rbdDd1o2mAnQreO7YADIxf/Whx4AHBiRf6d+/cVT8h44ss+lHgxf1FemcqDnQt9X3ct4McHr+JMGlYSsK7Cg==",
      "requires": {
        "graceful-fs": "^4.1.2",
        "jsonfile": "^4.0.0",
        "universalify": "^0.1.0"
      }
    },
    "graceful-fs": {
      "version": "4.2.10",
      "resolved": "https://registry.npmjs.org/graceful-fs/-/graceful-fs-4.2.10.tgz",
      "integrity": "sha512-9ByhssR2fPVsNZj478qUUbKfmL0+t5BDVyjShtyZZLiK7ZDAArFFfopyOTj0M05wE2tJPisA4iTnnXl2YoPvOA=="
    },
    "ifttt-message": {
      "version": "git+ssh://git@github.com/lolotrgeek/ifttt-message.git#bb5e6e6264f39140d03bbc2ff69fc88e073dc349",
      "from": "ifttt-message@github:lolotrgeek/ifttt-message"
    },
    "json-buffer": {
      "version": "3.0.1",
      "resolved": "https://registry.npmjs.org/json-buffer/-/json-buffer-3.0.1.tgz",
      "integrity": "sha512-4bV5BfR2mqfQTJm+V5tPPdf+ZpuhiIvTuAB5g8kcrXOZpTT/QwwVRWBywX1ozr6lEuPdbHxwaJlm9G6mI2sfSQ=="
    },
    "jsonfile": {
      "version": "4.0.0",
      "resolved": "https://registry.npmjs.org/jsonfile/-/jsonfile-4.0.0.tgz",
      "integrity": "sha512-m6F1R3z8jjlf2imQHS2Qez5sjKWQzbuuhuJ/FKYFRZvPE3PuHcSMVZzfsLhGVOkfd20obL5SWEBew5ShlquNxg==",
      "requires": {
        "graceful-fs": "^4.1.6"
      }
    },
    "keyv": {
      "version": "4.5.0",
      "resolved": "https://registry.npmjs.org/keyv/-/keyv-4.5.0.tgz",
      "integrity": "sha512-2YvuMsA+jnFGtBareKqgANOEKe1mk3HKiXu2fRmAfyxG0MJAywNhi5ttWA3PMjl4NmpyjZNbFifR2vNjW1znfA==",
      "requires": {
        "json-buffer": "3.0.1"
      }
    },
    "keyv-file": {
      "version": "0.2.0",
      "resolved": "https://registry.npmjs.org/keyv-file/-/keyv-file-0.2.0.tgz",
      "integrity": "sha512-zUQ11eZRmilEUpV1gJSj8mBAHjyXpleQo1iCS0khb+GFRhiPfwavWgn4eDUKNlOyMZzmExnISl8HE1hNbim0gw==",
      "requires": {
        "debug": "^4.1.1",
        "fs-extra": "^4.0.1",
        "tslib": "^1.9.3"
      }
    },
    "ms": {
      "version": "2.1.2",
      "resolved": "https://registry.npmjs.org/ms/-/ms-2.1.2.tgz",
      "integrity": "sha512-sGkPx+VjMtmA6MX27oA4FBFELFCZZ4S4XqeGOXCv68tT+jb3vk/RyaKWP0PTKyWtmLSM0b+adUTEvbs1PEaH2w=="
    },
    "nan": {
      "version": "2.14.2",
      "resolved": "https://registry.npmjs.org/nan/-/nan-2.14.2.tgz",
      "integrity": "sha512-M2ufzIiINKCuDfBSAUr1vWQ+vuVcA9kqx8JJUsbQi6yf1uGRyb7HfpdfUr5qLXf3B/t8dPvcjhKMmlfnP47EzQ=="
    },
    "node-gyp-build": {
      "version": "4.5.0",
      "resolved": "https://registry.npmjs.org/node-gyp-build/-/node-gyp-build-4.5.0.tgz",
      "integrity": "sha512-2iGbaQBV+ITgCz76ZEjmhUKAKVf7xfY1sRl4UiKQspfZMH2h06SyhNsnSVy50cwkFQDGLyif6m/6uFXHkOZ6rg=="
    },
    "tslib": {
      "version": "1.14.1",
      "resolved": "https://registry.npmjs.org/tslib/-/tslib-1.14.1.tgz",
      "integrity": "sha512-Xni35NKzjgMrwevysHTCArtLDpPvye8zV/0E4EyYn43P7/7qvQwPh9BGkHewbMulVntbigmcT7rdX3BNo9wRJg=="
    },
    "universalify": {
      "version": "0.1.2",
      "resolved": "https://registry.npmjs.org/universalify/-/universalify-0.1.2.tgz",
      "integrity": "sha512-rBJeI5CXAlmy1pV+617WB9J63U6XcazHHF2f2dbJix4XzpUF0RS3Zbj0FGIOCAva5P/d/GBOYaACQ1w+0azUkg=="
    },
    "uuid": {
      "version": "8.3.2",
      "resolved": "https://registry.npmjs.org/uuid/-/uuid-8.3.2.tgz",
      "integrity": "sha512-+NYs2QeMWy+GWFOEm9xnn6HCDp0l7QBD7ml8zLUmJ+93Q5NF0NocErnwkTkXVFNiX3/fpC6afS8Dhb/gz7R7eg=="
    },
    "zeromq": {
      "version": "5.2.8",
      "resolved": "https://registry.npmjs.org/zeromq/-/zeromq-5.2.8.tgz",
      "integrity": "sha512-bXzsk7KOmgLSv1tC0Ms1VXBy90+Rz27ZYf27cLuldRYbpqYpuWJfxxHFhO710t22zgWBnmdUP0m3SKFpLI0u5g==",
      "requires": {
        "nan": "2.14.2",
        "node-gyp-build": "^4.2.3"
      }
    },
    "zyre.js": {
      "version": "1.3.0",
      "resolved": "https://registry.npmjs.org/zyre.js/-/zyre.js-1.3.0.tgz",
      "integrity": "sha512-ehwttS9hxpcvBXkBDCoa2VRrSi+xN0yKYfRU556f8l5oReW7rjVn2YEhlxaikQjdXWxNypMFpSmg203c4JL0yw==",
      "requires": {
        "debug": "^4.3.4",
        "uuid": "^8.0.0",
        "zeromq": "^5.2.0"
      }
    }
  }
}
